{
    "_readme": [
        "This file locks the dependencies of your project to a known state",
        "Read more about it at https://getcomposer.org/doc/01-basic-usage.md#installing-dependencies",
        "This file is @generated automatically"
    ],
    "content-hash": "ed7aeedf3fbb24752175c7299f91c01d",
    "packages": [],
    "packages-dev": [],
    "aliases": [],
    "minimum-stability": "stable",
    "stability-flags": {},
    "prefer-stable": true,
    "prefer-lowest": false,
    "platform": {
        "php": ">=8.2",
        "ext-mbstring": "*",
        "ext-curl": "*",
        "ext-openssl": "*",
        "ext-pdo_mysql": "*",
        "ext-pdo_pgsql": "*",
        "ext-pdo": "*",
        "ext-redis": "*",
        "ext-json": "*",
        "ext-hash": "*",
        "ext-zlib": "*",
        "ext-spl": "*",
        "ext-filter": "*",
        "ext-pcre": "*",
        "ext-zend-opcache": "*"
    },
    "platform-dev": {},
    "platform-overrides": {
        "php": "8.2"
    },
    "plugin-api-version": "2.9.0"
}
